PODS:
  - Alamofire (3.4.0)
  - JAPIKit (1.0.0):
    - Alamofire (~> 3.0)
    - SwiftyJSON (~> 2.0)
  - SwiftyJSON (2.3.2)

DEPENDENCIES:
  - JAPIKit (from `../`)

EXTERNAL SOURCES:
  JAPIKit:
    :path: ../

SPEC CHECKSUMS:
  Alamofire: c19a627cefd6a95f840401c49ab1f124e07f54ee
  JAPIKit: 1a29156cb651c69b9e12707d7192b42a460221b4
  SwiftyJSON: 04ccea08915aa0109039157c7974cf0298da292a

COCOAPODS: 0.39.0
